
Microsoft Visual Studio Solution File, Format Version 12.00
# Visual Studio 15
VisualStudioVersion = 15.0.28307.572
MinimumVisualStudioVersion = 10.0.40219.1
Project("{FAE04EC0-301F-11D3-BF4B-00C04F79EFBC}") = "Administration", "Administration\Administration.csproj", "{09F1D602-472C-4B81-9C8C-8FFB89AC463C}"
EndProject
Global
	GlobalSection(SolutionConfigurationPlatforms) = preSolution
		Debug|Any CPU = Debug|Any CPU
		Release|Any CPU = Release|Any CPU
	EndGlobalSection
	GlobalSection(ProjectConfigurationPlatforms) = postSolution
		{09F1D602-472C-4B81-9C8C-8FFB89AC463C}.Debug|Any CPU.ActiveCfg = Debug|Any CPU
		{09F1D602-472C-4B81-9C8C-8FFB89AC463C}.Debug|Any CPU.Build.0 = Debug|Any CPU
		{09F1D602-472C-4B81-9C8C-8FFB89AC463C}.Release|Any CPU.ActiveCfg = Release|Any CPU
		{09F1D602-472C-4B81-9C8C-8FFB89AC463C}.Release|Any CPU.Build.0 = Release|Any CPU
	EndGlobalSection
	GlobalSection(SolutionProperties) = preSolution
		HideSolutionNode = FALSE
	EndGlobalSection
	GlobalSection(ExtensibilityGlobals) = postSolution
		SolutionGuid = {7637DAE9-F90A-4F26-8569-C5255E94724D}
	EndGlobalSection
EndGlobal
